
Microsoft Visual Studio Solution File, Format Version 12.00
# Visual Studio Version 16
VisualStudioVersion = 16.0.32510.428
MinimumVisualStudioVersion = 10.0.40219.1
Project("{8BC9CEB8-8B4A-11D0-8D11-00A0C91BC942}") = "SqlInjection", "SqlInjection\SqlInjection.vcxproj", "{B0272727-BDCE-4C39-9CA8-E4B7502D283E}"
EndProject
Global
	GlobalSection(SolutionConfigurationPlatforms) = preSolution
		Debug|x64 = Debug|x64
		Debug|x86 = Debug|x86
		Release|x64 = Release|x64
		Release|x86 = Release|x86
	EndGlobalSection
	GlobalSection(ProjectConfigurationPlatforms) = postSolution
		{B0272727-BDCE-4C39-9CA8-E4B7502D283E}.Debug|x64.ActiveCfg = Debug|x64
		{B0272727-BDCE-4C39-9CA8-E4B7502D283E}.Debug|x64.Build.0 = Debug|x64
		{B0272727-BDCE-4C39-9CA8-E4B7502D283E}.Debug|x86.ActiveCfg = Debug|Win32
		{B0272727-BDCE-4C39-9CA8-E4B7502D283E}.Debug|x86.Build.0 = Debug|Win32
		{B0272727-BDCE-4C39-9CA8-E4B7502D283E}.Release|x64.ActiveCfg = Release|x64
		{B0272727-BDCE-4C39-9CA8-E4B7502D283E}.Release|x64.Build.0 = Release|x64
		{B0272727-BDCE-4C39-9CA8-E4B7502D283E}.Release|x86.ActiveCfg = Release|Win32
		{B0272727-BDCE-4C39-9CA8-E4B7502D283E}.Release|x86.Build.0 = Release|Win32
	EndGlobalSection
	GlobalSection(SolutionProperties) = preSolution
		HideSolutionNode = FALSE
	EndGlobalSection
	GlobalSection(ExtensibilityGlobals) = postSolution
		SolutionGuid = {2FB4DD9B-B75D-4086-A488-7613D86A0EA4}
	EndGlobalSection
EndGlobal
